// !$*UTF8*$!
{
	archiveVersion = 1;
	classes = {
	};
	objectVersion = 46;
	objects = {

/* Begin PBXBuildFile section */
		3F35E74530205464000A509A /* AppDelegate.swift in Sources */ = {isa = PBXBuildFile; fileRef = 3F35E74430205464000A509A /* AppDelegate.swift */; };
		3F35E74730205464000A509A /* ViewController.swift in Sources */ = {isa = PBXBuildFile; fileRef = 3F35E74630205464000A509A /* ViewController.swift */; };
		3F35E74A30205464000A509A /* Main.storyboard in Resources */ = {isa = PBXBuildFile; fileRef = 3F35E74830205464000A509A /* Main.storyboard */; };
		3F35E74C30205464000A509A /* Assets.xcassets in Resources */ = {isa = PBXBuildFile; fileRef = 3F35E74B30205464000A509A /* Assets.xcassets */; };
		3F35E74F30205464000A509A /* LaunchScreen.storyboard in Resources */ = {isa = PBXBuildFile; fileRef = 3F35E74D30205464000A509A /* LaunchScreen.storyboard */; };
		3F35E7573020555E000A509A /* images5.jpeg in Resources */ = {isa = PBXBuildFile; fileRef = 3F35E7563020555E000A509A /* images5.jpeg */; };
		3F35E7593020565C000A509A /* image1.jpeg in Resources */ = {isa = PBXBuildFile; fileRef = 3F35E7583020565C000A509A /* image1.jpeg */; };
		3F35E75B30205BF1000A509A /* images.jpeg in Resources */ = {isa = PBXBuildFile; fileRef = 3F35E75A30205BF1000A509A /* images.jpeg */; };
/* End PBXBuildFile section */

/* Begin PBXFileReference section */
		3F35E74130205464000A509A /* SwitchSegment.app */ = {isa = PBXFileReference; explicitFileType = wrapper.application; includeInIndex = 0; path = SwitchSegment.app; sourceTree = BUILT_PRODUCTS_DIR; };
		3F35E74430205464000A509A /* AppDelegate.swift */ = {isa = PBXFileReference; lastKnownFileType = sourcecode.swift; path = AppDelegate.swift; sourceTree = "<group>"; };
		3F35E74630205464000A509A /* ViewController.swift */ = {isa = PBXFileReference; lastKnownFileType = sourcecode.swift; path = ViewController.swift; sourceTree = "<group>"; };
		3F35E74930205464000A509A /* Base */ = {isa = PBXFileReference; lastKnownFileType = file.storyboard; name = Base; path = Base.lproj/Main.storyboard; sourceTree = "<group>"; };
		3F35E74B30205464000A509A /* Assets.xcassets */ = {isa = PBXFileReference; lastKnownFileType = folder.assetcatalog; path = Assets.xcassets; sourceTree = "<group>"; };
		3F35E74E30205464000A509A /* Base */ = {isa = PBXFileReference; lastKnownFileType = file.storyboard; name = Base; path = Base.lproj/LaunchScreen.storyboard; sourceTree = "<group>"; };
		3F35E75030205464000A509A /* Info.plist */ = {isa = PBXFileReference; lastKnownFileType = text.plist.xml; path = Info.plist; sourceTree = "<group>"; };
		3F35E7563020555E000A509A /* images5.jpeg */ = {isa = PBXFileReference; lastKnownFileType = image.jpeg; name = images5.jpeg; path = ../../images5.jpeg; sourceTree = "<group>"; };
		3F35E7583020565C000A509A /* image1.jpeg */ = {isa = PBXFileReference; lastKnownFileType = image.jpeg; name = image1.jpeg; path = ../../image1.jpeg; sourceTree = "<group>"; };
		3F35E75A30205BF1000A509A /* images.jpeg */ = {isa = PBXFileReference; lastKnownFileType = image.jpeg; name = images.jpeg; path = ../../images.jpeg; sourceTree = "<group>"; };
/* End PBXFileReference section */

/* Begin PBXFrameworksBuildPhase section */
		3F35E73E30205464000A509A /* Frameworks */ = {
			isa = PBXFrameworksBuildPhase;
			buildActionMask = 2147483647;
			files = (
			);
			runOnlyForDeploymentPostprocessing = 0;
		};
/* End PBXFrameworksBuildPhase section */

/* Begin PBXGroup section */
		3F35E73830205464000A509A = {
			isa = PBXGroup;
			children = (
				3F35E74330205464000A509A /* SwitchSegment */,
				3F35E74230205464000A509A /* Products */,
			);
			sourceTree = "<group>";
		};
		3F35E74230205464000A509A /* Products */ = {
			isa = PBXGroup;
			children = (
				3F35E74130205464000A509A /* SwitchSegment.app */,
			);
			name = Products;
			sourceTree = "<group>";
		};
		3F35E74330205464000A509A /* SwitchSegment */ = {
			isa = PBXGroup;
			children = (
				3F35E7563020555E000A509A /* images5.jpeg */,
				3F35E7583020565C000A509A /* image1.jpeg */,
				3F35E74430205464000A509A /* AppDelegate.swift */,
				3F35E75A30205BF1000A509A /* images.jpeg */,
				3F35E74630205464000A509A /* ViewController.swift */,
				3F35E74830205464000A509A /* Main.storyboard */,
				3F35E74B30205464000A509A /* Assets.xcassets */,
				3F35E74D30205464000A509A /* LaunchScreen.storyboard */,
				3F35E75030205464000A509A /* Info.plist */,
			);
			path = SwitchSegment;
			sourceTree = "<group>";
		};
/* End PBXGroup section */

/* Begin PBXNativeTarget section */
		3F35E74030205464000A509A /* SwitchSegment */ = {
			isa = PBXNativeTarget;
			buildConfigurationList = 3F35E75330205464000A509A /* Build configuration list for PBXNativeTarget "SwitchSegment" */;
			buildPhases = (
				3F35E73D30205464000A509A /* Sources */,
				3F35E73E30205464000A509A /* Frameworks */,
				3F35E73F30205464000A509A /* Resources */,
			);
			buildRules = (
			);
			dependencies = (
			);
			name = SwitchSegment;
			productName = SwitchSegment;
			productReference = 3F35E74130205464000A509A /* SwitchSegment.app */;
			productType = "com.apple.product-type.application";
		};
/* End PBXNativeTarget section */

/* Begin PBXProject section */
		3F35E73930205464000A509A /* Project object */ = {
			isa = PBXProject;
			attributes = {
				LastSwiftUpdateCheck = 0830;
				LastUpgradeCheck = 0830;
				ORGANIZATIONNAME = student;
				TargetAttributes = {
					3F35E74030205464000A509A = {
						CreatedOnToolsVersion = 8.3.3;
						ProvisioningStyle = Automatic;
					};
				};
			};
			buildConfigurationList = 3F35E73C30205464000A509A /* Build configuration list for PBXProject "SwitchSegment" */;
			compatibilityVersion = "Xcode 3.2";
			developmentRegion = English;
			hasScannedForEncodings = 0;
			knownRegions = (
				en,
				Base,
			);
			mainGroup = 3F35E73830205464000A509A;
			productRefGroup = 3F35E74230205464000A509A /* Products */;
			projectDirPath = "";
			projectRoot = "";
			targets = (
				3F35E74030205464000A509A /* SwitchSegment */,
			);
		};
/* End PBXProject section */

/* Begin PBXResourcesBuildPhase section */
		3F35E73F30205464000A509A /* Resources */ = {
			isa = PBXResourcesBuildPhase;
			buildActionMask = 2147483647;
			files = (
				3F35E74F30205464000A509A /* LaunchScreen.storyboard in Resources */,
				3F35E74C30205464000A509A /* Assets.xcassets in Resources */,
				3F35E74A30205464000A509A /* Main.storyboard in Resources */,
				3F35E7593020565C000A509A /* image1.jpeg in Resources */,
				3F35E7573020555E000A509A /* images5.jpeg in Resources */,
				3F35E75B30205BF1000A509A /* images.jpeg in Resources */,
			);
			runOnlyForDeploymentPostprocessing = 0;
		};
/* End PBXResourcesBuildPhase section */

/* Begin PBXSourcesBuildPhase section */
		3F35E73D30205464000A509A /* Sources */ = {
			isa = PBXSourcesBuildPhase;
			buildActionMask = 2147483647;
			files = (
				3F35E74730205464000A509A /* ViewController.swift in Sources */,
				3F35E74530205464000A509A /* AppDelegate.swift in Sources */,
			);
			runOnlyForDeploymentPostprocessing = 0;
		};
/* End PBXSourcesBuildPhase section */

/* Begin PBXVariantGroup section */
		3F35E74830205464000A509A /* Main.storyboard */ = {
			isa = PBXVariantGroup;
			children = (
				3F35E74930205464000A509A /* Base */,
			);
			name = Main.storyboard;
			sourceTree = "<group>";
		};
		3F35E74D30205464000A509A /* LaunchScreen.storyboard */ = {
			isa = PBXVariantGroup;
			children = (
				3F35E74E30205464000A509A /* Base */,
			);
			name = LaunchScreen.storyboard;
			sourceTree = "<group>";
		};
/* End PBXVariantGroup section */

/* Begin XCBuildConfiguration section */
		3F35E75130205464000A509A /* Debug */ = {
			isa = XCBuildConfiguration;
			buildSettings = {
				ALWAYS_SEARCH_USER_PATHS = NO;
				CLANG_ANALYZER_NONNULL = YES;
				CLANG_ANALYZER_NUMBER_OBJECT_CONVERSION = YES_AGGRESSIVE;
				CLANG_CXX_LANGUAGE_STANDARD = "gnu++0x";
				CLANG_CXX_LIBRARY = "libc++";
				CLANG_ENABLE_MODULES = YES;
				CLANG_ENABLE_OBJC_ARC = YES;
				CLANG_WARN_BOOL_CONVERSION = YES;
				CLANG_WARN_CONSTANT_CONVERSION = YES;
				CLANG_WARN_DIRECT_OBJC_ISA_USAGE = YES_ERROR;
				CLANG_WARN_DOCUMENTATION_COMMENTS = YES;
				CLANG_WARN_EMPTY_BODY = YES;
				CLANG_WARN_ENUM_CONVERSION = YES;
				CLANG_WARN_INFINITE_RECURSION = YES;
				CLANG_WARN_INT_CONVERSION = YES;
				CLANG_WARN_OBJC_ROOT_CLASS = YES_ERROR;
				CLANG_WARN_SUSPICIOUS_MOVE = YES;
				CLANG_WARN_UNREACHABLE_CODE = YES;
				CLANG_WARN__DUPLICATE_METHOD_MATCH = YES;
				"CODE_SIGN_IDENTITY[sdk=iphoneos*]" = "iPhone Developer";
				COPY_PHASE_STRIP = NO;
				DEBUG_INFORMATION_FORMAT = dwarf;
				ENABLE_STRICT_OBJC_MSGSEND = YES;
				ENABLE_TESTABILITY = YES;
				GCC_C_LANGUAGE_STANDARD = gnu99;
				GCC_DYNAMIC_NO_PIC = NO;
				GCC_NO_COMMON_BLOCKS = YES;
				GCC_OPTIMIZATION_LEVEL = 0;
				GCC_PREPROCESSOR_DEFINITIONS = (
					"DEBUG=1",
					"$(inherited)",
				);
				GCC_WARN_64_TO_32_BIT_CONVERSION = YES;
				GCC_WARN_ABOUT_RETURN_TYPE = YES_ERROR;
				GCC_WARN_UNDECLARED_SELECTOR = YES;
				GCC_WARN_UNINITIALIZED_AUTOS = YES_AGGRESSIVE;
				GCC_WARN_UNUSED_FUNCTION = YES;
				GCC_WARN_UNUSED_VARIABLE = YES;
				IPHONEOS_DEPLOYMENT_TARGET = 10.3;
				MTL_ENABLE_DEBUG_INFO = YES;
				ONLY_ACTIVE_ARCH = YES;
				SDKROOT = iphoneos;
				SWIFT_ACTIVE_COMPILATION_CONDITIONS = DEBUG;
				SWIFT_OPTIMIZATION_LEVEL = "-Onone";
				TARGETED_DEVICE_FAMILY = "1,2";
			};
			name = Debug;
		};
		3F35E75230205464000A509A /* Release */ = {
			isa = XCBuildConfiguration;
			buildSettings = {
				ALWAYS_SEARCH_USER_PATHS = NO;
				CLANG_ANALYZER_NONNULL = YES;
				CLANG_ANALYZER_NUMBER_OBJECT_CONVERSION = YES_AGGRESSIVE;
				CLANG_CXX_LANGUAGE_STANDARD = "gnu++0x";
				CLANG_CXX_LIBRARY = "libc++";
				CLANG_ENABLE_MODULES = YES;
				CLANG_ENABLE_OBJC_ARC = YES;
				CLANG_WARN_BOOL_CONVERSION = YES;
				CLANG_WARN_CONSTANT_CONVERSION = YES;
				CLANG_WARN_DIRECT_OBJC_ISA_USAGE = YES_ERROR;
				CLANG_WARN_DOCUMENTATION_COMMENTS = YES;
				CLANG_WARN_EMPTY_BODY = YES;
				CLANG_WARN_ENUM_CONVERSION = YES;
				CLANG_WARN_INFINITE_RECURSION = YES;
				CLANG_WARN_INT_CONVERSION = YES;
				CLANG_WARN_OBJC_ROOT_CLASS = YES_ERROR;
				CLANG_WARN_SUSPICIOUS_MOVE = YES;
				CLANG_WARN_UNREACHABLE_CODE = YES;
				CLANG_WARN__DUPLICATE_METHOD_MATCH = YES;
				"CODE_SIGN_IDENTITY[sdk=iphoneos*]" = "iPhone Developer";
				COPY_PHASE_STRIP = NO;
				DEBUG_INFORMATION_FORMAT = "dwarf-with-dsym";
				ENABLE_NS_ASSERTIONS = NO;
				ENABLE_STRICT_OBJC_MSGSEND = YES;
				GCC_C_LANGUAGE_STANDARD = gnu99;
				GCC_NO_COMMON_BLOCKS = YES;
				GCC_WARN_64_TO_32_BIT_CONVERSION = YES;
				GCC_WARN_ABOUT_RETURN_TYPE = YES_ERROR;
				GCC_WARN_UNDECLARED_SELECTOR = YES;
				GCC_WARN_UNINITIALIZED_AUTOS = YES_AGGRESSIVE;
				GCC_WARN_UNUSED_FUNCTION = YES;
				GCC_WARN_UNUSED_VARIABLE = YES;
				IPHONEOS_DEPLOYMENT_TARGET = 10.3;
				MTL_ENABLE_DEBUG_INFO = NO;
				SDKROOT = iphoneos;
				SWIFT_OPTIMIZATION_LEVEL = "-Owholemodule";
				TARGETED_DEVICE_FAMILY = "1,2";
				VALIDATE_PRODUCT = YES;
			};
			name = Release;
		};
		3F35E75430205464000A509A /* Debug */ = {
			isa = XCBuildConfiguration;
			buildSettings = {
				ASSETCATALOG_COMPILER_APPICON_NAME = AppIcon;
				INFOPLIST_FILE = SwitchSegment/Info.plist;
				LD_RUNPATH_SEARCH_PATHS = "$(inherited) @executable_path/Frameworks";
				PRODUCT_BUNDLE_IDENTIFIER = com.gls.SwitchSegment;
				PRODUCT_NAME = "$(TARGET_NAME)";
				SWIFT_VERSION = 3.0;
			};
			name = Debug;
		};
		3F35E75530205464000A509A /* Release */ = {
			isa = XCBuildConfiguration;
			buildSettings = {
				ASSETCATALOG_COMPILER_APPICON_NAME = AppIcon;
				INFOPLIST_FILE = SwitchSegment/Info.plist;
				LD_RUNPATH_SEARCH_PATHS = "$(inherited) @executable_path/Frameworks";
				PRODUCT_BUNDLE_IDENTIFIER = com.gls.SwitchSegment;
				PRODUCT_NAME = "$(TARGET_NAME)";
				SWIFT_VERSION = 3.0;
			};
			name = Release;
		};
/* End XCBuildConfiguration section */

/* Begin XCConfigurationList section */
		3F35E73C30205464000A509A /* Build configuration list for PBXProject "SwitchSegment" */ = {
			isa = XCConfigurationList;
			buildConfigurations = (
				3F35E75130205464000A509A /* Debug */,
				3F35E75230205464000A509A /* Release */,
			);
			defaultConfigurationIsVisible = 0;
			defaultConfigurationName = Release;
		};
		3F35E75330205464000A509A /* Build configuration list for PBXNativeTarget "SwitchSegment" */ = {
			isa = XCConfigurationList;
			buildConfigurations = (
				3F35E75430205464000A509A /* Debug */,
				3F35E75530205464000A509A /* Release */,
			);
			defaultConfigurationIsVisible = 0;
		};
/* End XCConfigurationList section */
	};
	rootObject = 3F35E73930205464000A509A /* Project object */;
}
