// !$*UTF8*$!
{
	archiveVersion = 1;
	classes = {
	};
	objectVersion = 46;
	objects = {

/* Begin PBXBuildFile section */
		3F9FCF5A2FFF6B3E00F5BEAF /* AppDelegate.swift in Sources */ = {isa = PBXBuildFile; fileRef = 3F9FCF592FFF6B3E00F5BEAF /* AppDelegate.swift */; };
		3F9FCF5C2FFF6B3E00F5BEAF /* ViewController.swift in Sources */ = {isa = PBXBuildFile; fileRef = 3F9FCF5B2FFF6B3E00F5BEAF /* ViewController.swift */; };
		3F9FCF5F2FFF6B3E00F5BEAF /* Main.storyboard in Resources */ = {isa = PBXBuildFile; fileRef = 3F9FCF5D2FFF6B3E00F5BEAF /* Main.storyboard */; };
		3F9FCF612FFF6B3E00F5BEAF /* Assets.xcassets in Resources */ = {isa = PBXBuildFile; fileRef = 3F9FCF602FFF6B3E00F5BEAF /* Assets.xcassets */; };
		3F9FCF642FFF6B3E00F5BEAF /* LaunchScreen.storyboard in Resources */ = {isa = PBXBuildFile; fileRef = 3F9FCF622FFF6B3E00F5BEAF /* LaunchScreen.storyboard */; };
/* End PBXBuildFile section */

/* Begin PBXFileReference section */
		3F9FCF562FFF6B3E00F5BEAF /* word count.app */ = {isa = PBXFileReference; explicitFileType = wrapper.application; includeInIndex = 0; path = "word count.app"; sourceTree = BUILT_PRODUCTS_DIR; };
		3F9FCF592FFF6B3E00F5BEAF /* AppDelegate.swift */ = {isa = PBXFileReference; lastKnownFileType = sourcecode.swift; path = AppDelegate.swift; sourceTree = "<group>"; };
		3F9FCF5B2FFF6B3E00F5BEAF /* ViewController.swift */ = {isa = PBXFileReference; lastKnownFileType = sourcecode.swift; path = ViewController.swift; sourceTree = "<group>"; };
		3F9FCF5E2FFF6B3E00F5BEAF /* Base */ = {isa = PBXFileReference; lastKnownFileType = file.storyboard; name = Base; path = Base.lproj/Main.storyboard; sourceTree = "<group>"; };
		3F9FCF602FFF6B3E00F5BEAF /* Assets.xcassets */ = {isa = PBXFileReference; lastKnownFileType = folder.assetcatalog; path = Assets.xcassets; sourceTree = "<group>"; };
		3F9FCF632FFF6B3E00F5BEAF /* Base */ = {isa = PBXFileReference; lastKnownFileType = file.storyboard; name = Base; path = Base.lproj/LaunchScreen.storyboard; sourceTree = "<group>"; };
		3F9FCF652FFF6B3E00F5BEAF /* Info.plist */ = {isa = PBXFileReference; lastKnownFileType = text.plist.xml; path = Info.plist; sourceTree = "<group>"; };
/* End PBXFileReference section */

/* Begin PBXFrameworksBuildPhase section */
		3F9FCF532FFF6B3E00F5BEAF /* Frameworks */ = {
			isa = PBXFrameworksBuildPhase;
			buildActionMask = 2147483647;
			files = (
			);
			runOnlyForDeploymentPostprocessing = 0;
		};
/* End PBXFrameworksBuildPhase section */

/* Begin PBXGroup section */
		3F9FCF4D2FFF6B3E00F5BEAF = {
			isa = PBXGroup;
			children = (
				3F9FCF582FFF6B3E00F5BEAF /* word count */,
				3F9FCF572FFF6B3E00F5BEAF /* Products */,
			);
			sourceTree = "<group>";
		};
		3F9FCF572FFF6B3E00F5BEAF /* Products */ = {
			isa = PBXGroup;
			children = (
				3F9FCF562FFF6B3E00F5BEAF /* word count.app */,
			);
			name = Products;
			sourceTree = "<group>";
		};
		3F9FCF582FFF6B3E00F5BEAF /* word count */ = {
			isa = PBXGroup;
			children = (
				3F9FCF592FFF6B3E00F5BEAF /* AppDelegate.swift */,
				3F9FCF5B2FFF6B3E00F5BEAF /* ViewController.swift */,
				3F9FCF5D2FFF6B3E00F5BEAF /* Main.storyboard */,
				3F9FCF602FFF6B3E00F5BEAF /* Assets.xcassets */,
				3F9FCF622FFF6B3E00F5BEAF /* LaunchScreen.storyboard */,
				3F9FCF652FFF6B3E00F5BEAF /* Info.plist */,
			);
			path = "word count";
			sourceTree = "<group>";
		};
/* End PBXGroup section */

/* Begin PBXNativeTarget section */
		3F9FCF552FFF6B3E00F5BEAF /* word count */ = {
			isa = PBXNativeTarget;
			buildConfigurationList = 3F9FCF682FFF6B3E00F5BEAF /* Build configuration list for PBXNativeTarget "word count" */;
			buildPhases = (
				3F9FCF522FFF6B3E00F5BEAF /* Sources */,
				3F9FCF532FFF6B3E00F5BEAF /* Frameworks */,
				3F9FCF542FFF6B3E00F5BEAF /* Resources */,
			);
			buildRules = (
			);
			dependencies = (
			);
			name = "word count";
			productName = "word count";
			productReference = 3F9FCF562FFF6B3E00F5BEAF /* word count.app */;
			productType = "com.apple.product-type.application";
		};
/* End PBXNativeTarget section */

/* Begin PBXProject section */
		3F9FCF4E2FFF6B3E00F5BEAF /* Project object */ = {
			isa = PBXProject;
			attributes = {
				LastSwiftUpdateCheck = 0830;
				LastUpgradeCheck = 0830;
				ORGANIZATIONNAME = student;
				TargetAttributes = {
					3F9FCF552FFF6B3E00F5BEAF = {
						CreatedOnToolsVersion = 8.3.3;
						ProvisioningStyle = Automatic;
					};
				};
			};
			buildConfigurationList = 3F9FCF512FFF6B3E00F5BEAF /* Build configuration list for PBXProject "word count" */;
			compatibilityVersion = "Xcode 3.2";
			developmentRegion = English;
			hasScannedForEncodings = 0;
			knownRegions = (
				en,
				Base,
			);
			mainGroup = 3F9FCF4D2FFF6B3E00F5BEAF;
			productRefGroup = 3F9FCF572FFF6B3E00F5BEAF /* Products */;
			projectDirPath = "";
			projectRoot = "";
			targets = (
				3F9FCF552FFF6B3E00F5BEAF /* word count */,
			);
		};
/* End PBXProject section */

/* Begin PBXResourcesBuildPhase section */
		3F9FCF542FFF6B3E00F5BEAF /* Resources */ = {
			isa = PBXResourcesBuildPhase;
			buildActionMask = 2147483647;
			files = (
				3F9FCF642FFF6B3E00F5BEAF /* LaunchScreen.storyboard in Resources */,
				3F9FCF612FFF6B3E00F5BEAF /* Assets.xcassets in Resources */,
				3F9FCF5F2FFF6B3E00F5BEAF /* Main.storyboard in Resources */,
			);
			runOnlyForDeploymentPostprocessing = 0;
		};
/* End PBXResourcesBuildPhase section */

/* Begin PBXSourcesBuildPhase section */
		3F9FCF522FFF6B3E00F5BEAF /* Sources */ = {
			isa = PBXSourcesBuildPhase;
			buildActionMask = 2147483647;
			files = (
				3F9FCF5C2FFF6B3E00F5BEAF /* ViewController.swift in Sources */,
				3F9FCF5A2FFF6B3E00F5BEAF /* AppDelegate.swift in Sources */,
			);
			runOnlyForDeploymentPostprocessing = 0;
		};
/* End PBXSourcesBuildPhase section */

/* Begin PBXVariantGroup section */
		3F9FCF5D2FFF6B3E00F5BEAF /* Main.storyboard */ = {
			isa = PBXVariantGroup;
			children = (
				3F9FCF5E2FFF6B3E00F5BEAF /* Base */,
			);
			name = Main.storyboard;
			sourceTree = "<group>";
		};
		3F9FCF622FFF6B3E00F5BEAF /* LaunchScreen.storyboard */ = {
			isa = PBXVariantGroup;
			children = (
				3F9FCF632FFF6B3E00F5BEAF /* Base */,
			);
			name = LaunchScreen.storyboard;
			sourceTree = "<group>";
		};
/* End PBXVariantGroup section */

/* Begin XCBuildConfiguration section */
		3F9FCF662FFF6B3E00F5BEAF /* Debug */ = {
			isa = XCBuildConfiguration;
			buildSettings = {
				ALWAYS_SEARCH_USER_PATHS = NO;
				CLANG_ANALYZER_NONNULL = YES;
				CLANG_ANALYZER_NUMBER_OBJECT_CONVERSION = YES_AGGRESSIVE;
				CLANG_CXX_LANGUAGE_STANDARD = "gnu++0x";
				CLANG_CXX_LIBRARY = "libc++";
				CLANG_ENABLE_MODULES = YES;
				CLANG_ENABLE_OBJC_ARC = YES;
				CLANG_WARN_BOOL_CONVERSION = YES;
				CLANG_WARN_CONSTANT_CONVERSION = YES;
				CLANG_WARN_DIRECT_OBJC_ISA_USAGE = YES_ERROR;
				CLANG_WARN_DOCUMENTATION_COMMENTS = YES;
				CLANG_WARN_EMPTY_BODY = YES;
				CLANG_WARN_ENUM_CONVERSION = YES;
				CLANG_WARN_INFINITE_RECURSION = YES;
				CLANG_WARN_INT_CONVERSION = YES;
				CLANG_WARN_OBJC_ROOT_CLASS = YES_ERROR;
				CLANG_WARN_SUSPICIOUS_MOVE = YES;
				CLANG_WARN_UNREACHABLE_CODE = YES;
				CLANG_WARN__DUPLICATE_METHOD_MATCH = YES;
				"CODE_SIGN_IDENTITY[sdk=iphoneos*]" = "iPhone Developer";
				COPY_PHASE_STRIP = NO;
				DEBUG_INFORMATION_FORMAT = dwarf;
				ENABLE_STRICT_OBJC_MSGSEND = YES;
				ENABLE_TESTABILITY = YES;
				GCC_C_LANGUAGE_STANDARD = gnu99;
				GCC_DYNAMIC_NO_PIC = NO;
				GCC_NO_COMMON_BLOCKS = YES;
				GCC_OPTIMIZATION_LEVEL = 0;
				GCC_PREPROCESSOR_DEFINITIONS = (
					"DEBUG=1",
					"$(inherited)",
				);
				GCC_WARN_64_TO_32_BIT_CONVERSION = YES;
				GCC_WARN_ABOUT_RETURN_TYPE = YES_ERROR;
				GCC_WARN_UNDECLARED_SELECTOR = YES;
				GCC_WARN_UNINITIALIZED_AUTOS = YES_AGGRESSIVE;
				GCC_WARN_UNUSED_FUNCTION = YES;
				GCC_WARN_UNUSED_VARIABLE = YES;
				IPHONEOS_DEPLOYMENT_TARGET = 10.3;
				MTL_ENABLE_DEBUG_INFO = YES;
				ONLY_ACTIVE_ARCH = YES;
				SDKROOT = iphoneos;
				SWIFT_ACTIVE_COMPILATION_CONDITIONS = DEBUG;
				SWIFT_OPTIMIZATION_LEVEL = "-Onone";
				TARGETED_DEVICE_FAMILY = "1,2";
			};
			name = Debug;
		};
		3F9FCF672FFF6B3E00F5BEAF /* Release */ = {
			isa = XCBuildConfiguration;
			buildSettings = {
				ALWAYS_SEARCH_USER_PATHS = NO;
				CLANG_ANALYZER_NONNULL = YES;
				CLANG_ANALYZER_NUMBER_OBJECT_CONVERSION = YES_AGGRESSIVE;
				CLANG_CXX_LANGUAGE_STANDARD = "gnu++0x";
				CLANG_CXX_LIBRARY = "libc++";
				CLANG_ENABLE_MODULES = YES;
				CLANG_ENABLE_OBJC_ARC = YES;
				CLANG_WARN_BOOL_CONVERSION = YES;
				CLANG_WARN_CONSTANT_CONVERSION = YES;
				CLANG_WARN_DIRECT_OBJC_ISA_USAGE = YES_ERROR;
				CLANG_WARN_DOCUMENTATION_COMMENTS = YES;
				CLANG_WARN_EMPTY_BODY = YES;
				CLANG_WARN_ENUM_CONVERSION = YES;
				CLANG_WARN_INFINITE_RECURSION = YES;
				CLANG_WARN_INT_CONVERSION = YES;
				CLANG_WARN_OBJC_ROOT_CLASS = YES_ERROR;
				CLANG_WARN_SUSPICIOUS_MOVE = YES;
				CLANG_WARN_UNREACHABLE_CODE = YES;
				CLANG_WARN__DUPLICATE_METHOD_MATCH = YES;
				"CODE_SIGN_IDENTITY[sdk=iphoneos*]" = "iPhone Developer";
				COPY_PHASE_STRIP = NO;
				DEBUG_INFORMATION_FORMAT = "dwarf-with-dsym";
				ENABLE_NS_ASSERTIONS = NO;
				ENABLE_STRICT_OBJC_MSGSEND = YES;
				GCC_C_LANGUAGE_STANDARD = gnu99;
				GCC_NO_COMMON_BLOCKS = YES;
				GCC_WARN_64_TO_32_BIT_CONVERSION = YES;
				GCC_WARN_ABOUT_RETURN_TYPE = YES_ERROR;
				GCC_WARN_UNDECLARED_SELECTOR = YES;
				GCC_WARN_UNINITIALIZED_AUTOS = YES_AGGRESSIVE;
				GCC_WARN_UNUSED_FUNCTION = YES;
				GCC_WARN_UNUSED_VARIABLE = YES;
				IPHONEOS_DEPLOYMENT_TARGET = 10.3;
				MTL_ENABLE_DEBUG_INFO = NO;
				SDKROOT = iphoneos;
				SWIFT_OPTIMIZATION_LEVEL = "-Owholemodule";
				TARGETED_DEVICE_FAMILY = "1,2";
				VALIDATE_PRODUCT = YES;
			};
			name = Release;
		};
		3F9FCF692FFF6B3E00F5BEAF /* Debug */ = {
			isa = XCBuildConfiguration;
			buildSettings = {
				ASSETCATALOG_COMPILER_APPICON_NAME = AppIcon;
				INFOPLIST_FILE = "word count/Info.plist";
				LD_RUNPATH_SEARCH_PATHS = "$(inherited) @executable_path/Frameworks";
				PRODUCT_BUNDLE_IDENTIFIER = "com.gls.word-count";
				PRODUCT_NAME = "$(TARGET_NAME)";
				SWIFT_VERSION = 3.0;
			};
			name = Debug;
		};
		3F9FCF6A2FFF6B3E00F5BEAF /* Release */ = {
			isa = XCBuildConfiguration;
			buildSettings = {
				ASSETCATALOG_COMPILER_APPICON_NAME = AppIcon;
				INFOPLIST_FILE = "word count/Info.plist";
				LD_RUNPATH_SEARCH_PATHS = "$(inherited) @executable_path/Frameworks";
				PRODUCT_BUNDLE_IDENTIFIER = "com.gls.word-count";
				PRODUCT_NAME = "$(TARGET_NAME)";
				SWIFT_VERSION = 3.0;
			};
			name = Release;
		};
/* End XCBuildConfiguration section */

/* Begin XCConfigurationList section */
		3F9FCF512FFF6B3E00F5BEAF /* Build configuration list for PBXProject "word count" */ = {
			isa = XCConfigurationList;
			buildConfigurations = (
				3F9FCF662FFF6B3E00F5BEAF /* Debug */,
				3F9FCF672FFF6B3E00F5BEAF /* Release */,
			);
			defaultConfigurationIsVisible = 0;
			defaultConfigurationName = Release;
		};
		3F9FCF682FFF6B3E00F5BEAF /* Build configuration list for PBXNativeTarget "word count" */ = {
			isa = XCConfigurationList;
			buildConfigurations = (
				3F9FCF692FFF6B3E00F5BEAF /* Debug */,
				3F9FCF6A2FFF6B3E00F5BEAF /* Release */,
			);
			defaultConfigurationIsVisible = 0;
		};
/* End XCConfigurationList section */
	};
	rootObject = 3F9FCF4E2FFF6B3E00F5BEAF /* Project object */;
}
